// !$*UTF8*$!
{
	archiveVersion = 1;
	classes = {
	};
	objectVersion = 56;
	objects = {

/* Begin PBXBuildFile section */
		F3ED03532B35EB6800BBEBCB /* AppDelegate.swift in Sources */ = {isa = PBXBuildFile; fileRef = F3ED03522B35EB6800BBEBCB /* AppDelegate.swift */; };
		F3ED03552B35EB6800BBEBCB /* SceneDelegate.swift in Sources */ = {isa = PBXBuildFile; fileRef = F3ED03542B35EB6800BBEBCB /* SceneDelegate.swift */; };
		F3ED03572B35EB6800BBEBCB /* ViewController.swift in Sources */ = {isa = PBXBuildFile; fileRef = F3ED03562B35EB6800BBEBCB /* ViewController.swift */; };
		F3ED035A2B35EB6800BBEBCB /* Main.storyboard in Resources */ = {isa = PBXBuildFile; fileRef = F3ED03582B35EB6800BBEBCB /* Main.storyboard */; };
		F3ED035C2B35EB6900BBEBCB /* Assets.xcassets in Resources */ = {isa = PBXBuildFile; fileRef = F3ED035B2B35EB6900BBEBCB /* Assets.xcassets */; };
		F3ED035F2B35EB6900BBEBCB /* LaunchScreen.storyboard in Resources */ = {isa = PBXBuildFile; fileRef = F3ED035D2B35EB6900BBEBCB /* LaunchScreen.storyboard */; };
		F3ED03672B35EDAC00BBEBCB /* fetchData.swift in Sources */ = {isa = PBXBuildFile; fileRef = F3ED03662B35EDAC00BBEBCB /* fetchData.swift */; };
		F3ED03692B35EDD100BBEBCB /* fetchYesOrNoQuestion.swift in Sources */ = {isa = PBXBuildFile; fileRef = F3ED03682B35EDD100BBEBCB /* fetchYesOrNoQuestion.swift */; };
		F3ED036B2B35FEF900BBEBCB /* resultViewController.swift in Sources */ = {isa = PBXBuildFile; fileRef = F3ED036A2B35FEF900BBEBCB /* resultViewController.swift */; };
		F3ED036E2B3609D500BBEBCB /* Kingfisher in Frameworks */ = {isa = PBXBuildFile; productRef = F3ED036D2B3609D500BBEBCB /* Kingfisher */; };
/* End PBXBuildFile section */

/* Begin PBXFileReference section */
		F3ED034F2B35EB6800BBEBCB /* phw14-14-randomAPI-yesno.app */ = {isa = PBXFileReference; explicitFileType = wrapper.application; includeInIndex = 0; path = "phw14-14-randomAPI-yesno.app"; sourceTree = BUILT_PRODUCTS_DIR; };
		F3ED03522B35EB6800BBEBCB /* AppDelegate.swift */ = {isa = PBXFileReference; lastKnownFileType = sourcecode.swift; path = AppDelegate.swift; sourceTree = "<group>"; };
		F3ED03542B35EB6800BBEBCB /* SceneDelegate.swift */ = {isa = PBXFileReference; lastKnownFileType = sourcecode.swift; path = SceneDelegate.swift; sourceTree = "<group>"; };
		F3ED03562B35EB6800BBEBCB /* ViewController.swift */ = {isa = PBXFileReference; lastKnownFileType = sourcecode.swift; path = ViewController.swift; sourceTree = "<group>"; };
		F3ED03592B35EB6800BBEBCB /* Base */ = {isa = PBXFileReference; lastKnownFileType = file.storyboard; name = Base; path = Base.lproj/Main.storyboard; sourceTree = "<group>"; };
		F3ED035B2B35EB6900BBEBCB /* Assets.xcassets */ = {isa = PBXFileReference; lastKnownFileType = folder.assetcatalog; path = Assets.xcassets; sourceTree = "<group>"; };
		F3ED035E2B35EB6900BBEBCB /* Base */ = {isa = PBXFileReference; lastKnownFileType = file.storyboard; name = Base; path = Base.lproj/LaunchScreen.storyboard; sourceTree = "<group>"; };
		F3ED03602B35EB6900BBEBCB /* Info.plist */ = {isa = PBXFileReference; lastKnownFileType = text.plist.xml; path = Info.plist; sourceTree = "<group>"; };
		F3ED03662B35EDAC00BBEBCB /* fetchData.swift */ = {isa = PBXFileReference; fileEncoding = 4; lastKnownFileType = sourcecode.swift; path = fetchData.swift; sourceTree = "<group>"; };
		F3ED03682B35EDD100BBEBCB /* fetchYesOrNoQuestion.swift */ = {isa = PBXFileReference; fileEncoding = 4; lastKnownFileType = sourcecode.swift; path = fetchYesOrNoQuestion.swift; sourceTree = "<group>"; };
		F3ED036A2B35FEF900BBEBCB /* resultViewController.swift */ = {isa = PBXFileReference; lastKnownFileType = sourcecode.swift; path = resultViewController.swift; sourceTree = "<group>"; };
/* End PBXFileReference section */

/* Begin PBXFrameworksBuildPhase section */
		F3ED034C2B35EB6800BBEBCB /* Frameworks */ = {
			isa = PBXFrameworksBuildPhase;
			buildActionMask = 2147483647;
			files = (
				F3ED036E2B3609D500BBEBCB /* Kingfisher in Frameworks */,
			);
			runOnlyForDeploymentPostprocessing = 0;
		};
/* End PBXFrameworksBuildPhase section */

/* Begin PBXGroup section */
		F3ED03462B35EB6800BBEBCB = {
			isa = PBXGroup;
			children = (
				F3ED03512B35EB6800BBEBCB /* phw14-14-randomAPI-yesno */,
				F3ED03502B35EB6800BBEBCB /* Products */,
			);
			sourceTree = "<group>";
		};
		F3ED03502B35EB6800BBEBCB /* Products */ = {
			isa = PBXGroup;
			children = (
				F3ED034F2B35EB6800BBEBCB /* phw14-14-randomAPI-yesno.app */,
			);
			name = Products;
			sourceTree = "<group>";
		};
		F3ED03512B35EB6800BBEBCB /* phw14-14-randomAPI-yesno */ = {
			isa = PBXGroup;
			children = (
				F3ED03522B35EB6800BBEBCB /* AppDelegate.swift */,
				F3ED03542B35EB6800BBEBCB /* SceneDelegate.swift */,
				F3ED03562B35EB6800BBEBCB /* ViewController.swift */,
				F3ED036A2B35FEF900BBEBCB /* resultViewController.swift */,
				F3ED03582B35EB6800BBEBCB /* Main.storyboard */,
				F3ED035B2B35EB6900BBEBCB /* Assets.xcassets */,
				F3ED035D2B35EB6900BBEBCB /* LaunchScreen.storyboard */,
				F3ED03602B35EB6900BBEBCB /* Info.plist */,
				F3ED03662B35EDAC00BBEBCB /* fetchData.swift */,
				F3ED03682B35EDD100BBEBCB /* fetchYesOrNoQuestion.swift */,
			);
			path = "phw14-14-randomAPI-yesno";
			sourceTree = "<group>";
		};
/* End PBXGroup section */

/* Begin PBXNativeTarget section */
		F3ED034E2B35EB6800BBEBCB /* phw14-14-randomAPI-yesno */ = {
			isa = PBXNativeTarget;
			buildConfigurationList = F3ED03632B35EB6900BBEBCB /* Build configuration list for PBXNativeTarget "phw14-14-randomAPI-yesno" */;
			buildPhases = (
				F3ED034B2B35EB6800BBEBCB /* Sources */,
				F3ED034C2B35EB6800BBEBCB /* Frameworks */,
				F3ED034D2B35EB6800BBEBCB /* Resources */,
			);
			buildRules = (
			);
			dependencies = (
			);
			name = "phw14-14-randomAPI-yesno";
			packageProductDependencies = (
				F3ED036D2B3609D500BBEBCB /* Kingfisher */,
			);
			productName = "phw14-14-randomAPI-yesno";
			productReference = F3ED034F2B35EB6800BBEBCB /* phw14-14-randomAPI-yesno.app */;
			productType = "com.apple.product-type.application";
		};
/* End PBXNativeTarget section */

/* Begin PBXProject section */
		F3ED03472B35EB6800BBEBCB /* Project object */ = {
			isa = PBXProject;
			attributes = {
				BuildIndependentTargetsInParallel = 1;
				LastSwiftUpdateCheck = 1500;
				LastUpgradeCheck = 1500;
				TargetAttributes = {
					F3ED034E2B35EB6800BBEBCB = {
						CreatedOnToolsVersion = 15.0;
					};
				};
			};
			buildConfigurationList = F3ED034A2B35EB6800BBEBCB /* Build configuration list for PBXProject "phw14-14-randomAPI-yesno" */;
			compatibilityVersion = "Xcode 14.0";
			developmentRegion = en;
			hasScannedForEncodings = 0;
			knownRegions = (
				en,
				Base,
			);
			mainGroup = F3ED03462B35EB6800BBEBCB;
			packageReferences = (
				F3ED036C2B3609D500BBEBCB /* XCRemoteSwiftPackageReference "Kingfisher" */,
			);
			productRefGroup = F3ED03502B35EB6800BBEBCB /* Products */;
			projectDirPath = "";
			projectRoot = "";
			targets = (
				F3ED034E2B35EB6800BBEBCB /* phw14-14-randomAPI-yesno */,
			);
		};
/* End PBXProject section */

/* Begin PBXResourcesBuildPhase section */
		F3ED034D2B35EB6800BBEBCB /* Resources */ = {
			isa = PBXResourcesBuildPhase;
			buildActionMask = 2147483647;
			files = (
				F3ED035F2B35EB6900BBEBCB /* LaunchScreen.storyboard in Resources */,
				F3ED035C2B35EB6900BBEBCB /* Assets.xcassets in Resources */,
				F3ED035A2B35EB6800BBEBCB /* Main.storyboard in Resources */,
			);
			runOnlyForDeploymentPostprocessing = 0;
		};
/* End PBXResourcesBuildPhase section */

/* Begin PBXSourcesBuildPhase section */
		F3ED034B2B35EB6800BBEBCB /* Sources */ = {
			isa = PBXSourcesBuildPhase;
			buildActionMask = 2147483647;
			files = (
				F3ED03692B35EDD100BBEBCB /* fetchYesOrNoQuestion.swift in Sources */,
				F3ED03572B35EB6800BBEBCB /* ViewController.swift in Sources */,
				F3ED03532B35EB6800BBEBCB /* AppDelegate.swift in Sources */,
				F3ED036B2B35FEF900BBEBCB /* resultViewController.swift in Sources */,
				F3ED03672B35EDAC00BBEBCB /* fetchData.swift in Sources */,
				F3ED03552B35EB6800BBEBCB /* SceneDelegate.swift in Sources */,
			);
			runOnlyForDeploymentPostprocessing = 0;
		};
/* End PBXSourcesBuildPhase section */

/* Begin PBXVariantGroup section */
		F3ED03582B35EB6800BBEBCB /* Main.storyboard */ = {
			isa = PBXVariantGroup;
			children = (
				F3ED03592B35EB6800BBEBCB /* Base */,
			);
			name = Main.storyboard;
			sourceTree = "<group>";
		};
		F3ED035D2B35EB6900BBEBCB /* LaunchScreen.storyboard */ = {
			isa = PBXVariantGroup;
			children = (
				F3ED035E2B35EB6900BBEBCB /* Base */,
			);
			name = LaunchScreen.storyboard;
			sourceTree = "<group>";
		};
/* End PBXVariantGroup section */

/* Begin XCBuildConfiguration section */
		F3ED03612B35EB6900BBEBCB /* Debug */ = {
			isa = XCBuildConfiguration;
			buildSettings = {
				ALWAYS_SEARCH_USER_PATHS = NO;
				ASSETCATALOG_COMPILER_GENERATE_SWIFT_ASSET_SYMBOL_EXTENSIONS = YES;
				CLANG_ANALYZER_NONNULL = YES;
				CLANG_ANALYZER_NUMBER_OBJECT_CONVERSION = YES_AGGRESSIVE;
				CLANG_CXX_LANGUAGE_STANDARD = "gnu++20";
				CLANG_ENABLE_MODULES = YES;
				CLANG_ENABLE_OBJC_ARC = YES;
				CLANG_ENABLE_OBJC_WEAK = YES;
				CLANG_WARN_BLOCK_CAPTURE_AUTORELEASING = YES;
				CLANG_WARN_BOOL_CONVERSION = YES;
				CLANG_WARN_COMMA = YES;
				CLANG_WARN_CONSTANT_CONVERSION = YES;
				CLANG_WARN_DEPRECATED_OBJC_IMPLEMENTATIONS = YES;
				CLANG_WARN_DIRECT_OBJC_ISA_USAGE = YES_ERROR;
				CLANG_WARN_DOCUMENTATION_COMMENTS = YES;
				CLANG_WARN_EMPTY_BODY = YES;
				CLANG_WARN_ENUM_CONVERSION = YES;
				CLANG_WARN_INFINITE_RECURSION = YES;
				CLANG_WARN_INT_CONVERSION = YES;
				CLANG_WARN_NON_LITERAL_NULL_CONVERSION = YES;
				CLANG_WARN_OBJC_IMPLICIT_RETAIN_SELF = YES;
				CLANG_WARN_OBJC_LITERAL_CONVERSION = YES;
				CLANG_WARN_OBJC_ROOT_CLASS = YES_ERROR;
				CLANG_WARN_QUOTED_INCLUDE_IN_FRAMEWORK_HEADER = YES;
				CLANG_WARN_RANGE_LOOP_ANALYSIS = YES;
				CLANG_WARN_STRICT_PROTOTYPES = YES;
				CLANG_WARN_SUSPICIOUS_MOVE = YES;
				CLANG_WARN_UNGUARDED_AVAILABILITY = YES_AGGRESSIVE;
				CLANG_WARN_UNREACHABLE_CODE = YES;
				CLANG_WARN__DUPLICATE_METHOD_MATCH = YES;
				COPY_PHASE_STRIP = NO;
				DEBUG_INFORMATION_FORMAT = dwarf;
				ENABLE_STRICT_OBJC_MSGSEND = YES;
				ENABLE_TESTABILITY = YES;
				ENABLE_USER_SCRIPT_SANDBOXING = YES;
				GCC_C_LANGUAGE_STANDARD = gnu17;
				GCC_DYNAMIC_NO_PIC = NO;
				GCC_NO_COMMON_BLOCKS = YES;
				GCC_OPTIMIZATION_LEVEL = 0;
				GCC_PREPROCESSOR_DEFINITIONS = (
					"DEBUG=1",
					"$(inherited)",
				);
				GCC_WARN_64_TO_32_BIT_CONVERSION = YES;
				GCC_WARN_ABOUT_RETURN_TYPE = YES_ERROR;
				GCC_WARN_UNDECLARED_SELECTOR = YES;
				GCC_WARN_UNINITIALIZED_AUTOS = YES_AGGRESSIVE;
				GCC_WARN_UNUSED_FUNCTION = YES;
				GCC_WARN_UNUSED_VARIABLE = YES;
				IPHONEOS_DEPLOYMENT_TARGET = 17.0;
				LOCALIZATION_PREFERS_STRING_CATALOGS = YES;
				MTL_ENABLE_DEBUG_INFO = INCLUDE_SOURCE;
				MTL_FAST_MATH = YES;
				ONLY_ACTIVE_ARCH = YES;
				SDKROOT = iphoneos;
				SWIFT_ACTIVE_COMPILATION_CONDITIONS = "DEBUG $(inherited)";
				SWIFT_OPTIMIZATION_LEVEL = "-Onone";
			};
			name = Debug;
		};
		F3ED03622B35EB6900BBEBCB /* Release */ = {
			isa = XCBuildConfiguration;
			buildSettings = {
				ALWAYS_SEARCH_USER_PATHS = NO;
				ASSETCATALOG_COMPILER_GENERATE_SWIFT_ASSET_SYMBOL_EXTENSIONS = YES;
				CLANG_ANALYZER_NONNULL = YES;
				CLANG_ANALYZER_NUMBER_OBJECT_CONVERSION = YES_AGGRESSIVE;
				CLANG_CXX_LANGUAGE_STANDARD = "gnu++20";
				CLANG_ENABLE_MODULES = YES;
				CLANG_ENABLE_OBJC_ARC = YES;
				CLANG_ENABLE_OBJC_WEAK = YES;
				CLANG_WARN_BLOCK_CAPTURE_AUTORELEASING = YES;
				CLANG_WARN_BOOL_CONVERSION = YES;
				CLANG_WARN_COMMA = YES;
				CLANG_WARN_CONSTANT_CONVERSION = YES;
				CLANG_WARN_DEPRECATED_OBJC_IMPLEMENTATIONS = YES;
				CLANG_WARN_DIRECT_OBJC_ISA_USAGE = YES_ERROR;
				CLANG_WARN_DOCUMENTATION_COMMENTS = YES;
				CLANG_WARN_EMPTY_BODY = YES;
				CLANG_WARN_ENUM_CONVERSION = YES;
				CLANG_WARN_INFINITE_RECURSION = YES;
				CLANG_WARN_INT_CONVERSION = YES;
				CLANG_WARN_NON_LITERAL_NULL_CONVERSION = YES;
				CLANG_WARN_OBJC_IMPLICIT_RETAIN_SELF = YES;
				CLANG_WARN_OBJC_LITERAL_CONVERSION = YES;
				CLANG_WARN_OBJC_ROOT_CLASS = YES_ERROR;
				CLANG_WARN_QUOTED_INCLUDE_IN_FRAMEWORK_HEADER = YES;
				CLANG_WARN_RANGE_LOOP_ANALYSIS = YES;
				CLANG_WARN_STRICT_PROTOTYPES = YES;
				CLANG_WARN_SUSPICIOUS_MOVE = YES;
				CLANG_WARN_UNGUARDED_AVAILABILITY = YES_AGGRESSIVE;
				CLANG_WARN_UNREACHABLE_CODE = YES;
				CLANG_WARN__DUPLICATE_METHOD_MATCH = YES;
				COPY_PHASE_STRIP = NO;
				DEBUG_INFORMATION_FORMAT = "dwarf-with-dsym";
				ENABLE_NS_ASSERTIONS = NO;
				ENABLE_STRICT_OBJC_MSGSEND = YES;
				ENABLE_USER_SCRIPT_SANDBOXING = YES;
				GCC_C_LANGUAGE_STANDARD = gnu17;
				GCC_NO_COMMON_BLOCKS = YES;
				GCC_WARN_64_TO_32_BIT_CONVERSION = YES;
				GCC_WARN_ABOUT_RETURN_TYPE = YES_ERROR;
				GCC_WARN_UNDECLARED_SELECTOR = YES;
				GCC_WARN_UNINITIALIZED_AUTOS = YES_AGGRESSIVE;
				GCC_WARN_UNUSED_FUNCTION = YES;
				GCC_WARN_UNUSED_VARIABLE = YES;
				IPHONEOS_DEPLOYMENT_TARGET = 17.0;
				LOCALIZATION_PREFERS_STRING_CATALOGS = YES;
				MTL_ENABLE_DEBUG_INFO = NO;
				MTL_FAST_MATH = YES;
				SDKROOT = iphoneos;
				SWIFT_COMPILATION_MODE = wholemodule;
				VALIDATE_PRODUCT = YES;
			};
			name = Release;
		};
		F3ED03642B35EB6900BBEBCB /* Debug */ = {
			isa = XCBuildConfiguration;
			buildSettings = {
				ASSETCATALOG_COMPILER_APPICON_NAME = AppIcon;
				ASSETCATALOG_COMPILER_GLOBAL_ACCENT_COLOR_NAME = AccentColor;
				CODE_SIGN_STYLE = Automatic;
				CURRENT_PROJECT_VERSION = 1;
				DEVELOPMENT_TEAM = 3266J6665X;
				GENERATE_INFOPLIST_FILE = YES;
				INFOPLIST_FILE = "phw14-14-randomAPI-yesno/Info.plist";
				INFOPLIST_KEY_CFBundleDisplayName = "運勢占卜";
				INFOPLIST_KEY_UIApplicationSupportsIndirectInputEvents = YES;
				INFOPLIST_KEY_UILaunchStoryboardName = LaunchScreen;
				INFOPLIST_KEY_UIMainStoryboardFile = Main;
				INFOPLIST_KEY_UISupportedInterfaceOrientations_iPad = "UIInterfaceOrientationPortrait UIInterfaceOrientationPortraitUpsideDown UIInterfaceOrientationLandscapeLeft UIInterfaceOrientationLandscapeRight";
				INFOPLIST_KEY_UISupportedInterfaceOrientations_iPhone = "UIInterfaceOrientationPortrait UIInterfaceOrientationLandscapeLeft UIInterfaceOrientationLandscapeRight";
				IPHONEOS_DEPLOYMENT_TARGET = 16.6;
				LD_RUNPATH_SEARCH_PATHS = (
					"$(inherited)",
					"@executable_path/Frameworks",
				);
				MARKETING_VERSION = 1.0;
				PRODUCT_BUNDLE_IDENTIFIER = "com.jasonhung.phw14-14-randomAPI-yesno";
				PRODUCT_NAME = "$(TARGET_NAME)";
				SWIFT_EMIT_LOC_STRINGS = YES;
				SWIFT_VERSION = 5.0;
				TARGETED_DEVICE_FAMILY = "1,2";
			};
			name = Debug;
		};
		F3ED03652B35EB6900BBEBCB /* Release */ = {
			isa = XCBuildConfiguration;
			buildSettings = {
				ASSETCATALOG_COMPILER_APPICON_NAME = AppIcon;
				ASSETCATALOG_COMPILER_GLOBAL_ACCENT_COLOR_NAME = AccentColor;
				CODE_SIGN_STYLE = Automatic;
				CURRENT_PROJECT_VERSION = 1;
				DEVELOPMENT_TEAM = 3266J6665X;
				GENERATE_INFOPLIST_FILE = YES;
				INFOPLIST_FILE = "phw14-14-randomAPI-yesno/Info.plist";
				INFOPLIST_KEY_CFBundleDisplayName = "運勢占卜";
				INFOPLIST_KEY_UIApplicationSupportsIndirectInputEvents = YES;
				INFOPLIST_KEY_UILaunchStoryboardName = LaunchScreen;
				INFOPLIST_KEY_UIMainStoryboardFile = Main;
				INFOPLIST_KEY_UISupportedInterfaceOrientations_iPad = "UIInterfaceOrientationPortrait UIInterfaceOrientationPortraitUpsideDown UIInterfaceOrientationLandscapeLeft UIInterfaceOrientationLandscapeRight";
				INFOPLIST_KEY_UISupportedInterfaceOrientations_iPhone = "UIInterfaceOrientationPortrait UIInterfaceOrientationLandscapeLeft UIInterfaceOrientationLandscapeRight";
				IPHONEOS_DEPLOYMENT_TARGET = 16.6;
				LD_RUNPATH_SEARCH_PATHS = (
					"$(inherited)",
					"@executable_path/Frameworks",
				);
				MARKETING_VERSION = 1.0;
				PRODUCT_BUNDLE_IDENTIFIER = "com.jasonhung.phw14-14-randomAPI-yesno";
				PRODUCT_NAME = "$(TARGET_NAME)";
				SWIFT_EMIT_LOC_STRINGS = YES;
				SWIFT_VERSION = 5.0;
				TARGETED_DEVICE_FAMILY = "1,2";
			};
			name = Release;
		};
/* End XCBuildConfiguration section */

/* Begin XCConfigurationList section */
		F3ED034A2B35EB6800BBEBCB /* Build configuration list for PBXProject "phw14-14-randomAPI-yesno" */ = {
			isa = XCConfigurationList;
			buildConfigurations = (
				F3ED03612B35EB6900BBEBCB /* Debug */,
				F3ED03622B35EB6900BBEBCB /* Release */,
			);
			defaultConfigurationIsVisible = 0;
			defaultConfigurationName = Release;
		};
		F3ED03632B35EB6900BBEBCB /* Build configuration list for PBXNativeTarget "phw14-14-randomAPI-yesno" */ = {
			isa = XCConfigurationList;
			buildConfigurations = (
				F3ED03642B35EB6900BBEBCB /* Debug */,
				F3ED03652B35EB6900BBEBCB /* Release */,
			);
			defaultConfigurationIsVisible = 0;
			defaultConfigurationName = Release;
		};
/* End XCConfigurationList section */

/* Begin XCRemoteSwiftPackageReference section */
		F3ED036C2B3609D500BBEBCB /* XCRemoteSwiftPackageReference "Kingfisher" */ = {
			isa = XCRemoteSwiftPackageReference;
			repositoryURL = "https://github.com/onevcat/Kingfisher";
			requirement = {
				kind = upToNextMajorVersion;
				minimumVersion = 7.10.1;
			};
		};
/* End XCRemoteSwiftPackageReference section */

/* Begin XCSwiftPackageProductDependency section */
		F3ED036D2B3609D500BBEBCB /* Kingfisher */ = {
			isa = XCSwiftPackageProductDependency;
			package = F3ED036C2B3609D500BBEBCB /* XCRemoteSwiftPackageReference "Kingfisher" */;
			productName = Kingfisher;
		};
/* End XCSwiftPackageProductDependency section */
	};
	rootObject = F3ED03472B35EB6800BBEBCB /* Project object */;
}
